{
  "name": "metis",
  "version": "2.0.0",
  "lockfileVersion": 3,
  "requires": true,
  "packages": {
    "": {
      "name": "metis",
      "version": "2.0.0",
      "dependencies": {
        "@types/seedrandom": "^3.0.5",
        "seedrandom": "^3.0.5"
      }
    },
    "node_modules/@types/seedrandom": {
      "version": "3.0.5",
      "resolved": "https://registry.npmjs.org/@types/seedrandom/-/seedrandom-3.0.5.tgz",
      "integrity": "sha512-kopEpYpFQvQdYsZkZVwht/0THHmTFFYXDaqV/lM45eweJ8kcGVDgZHs0RVTolSq55UPZNmjhKc9r7UvLu/mQQg=="
    },
    "node_modules/seedrandom": {
      "version": "3.0.5",
      "resolved": "https://registry.npmjs.org/seedrandom/-/seedrandom-3.0.5.tgz",
      "integrity": "sha512-8OwmbklUNzwezjGInmZ+2clQmExQPvomqjL7LFqOYqtmuxRgQYqOD3mHaU+MvZn5FLUeVxVfQjwLZW/n/JFuqg=="
    }
  }
}
