{
  "name": "metis",
  "version": "2.0.0",
  "lockfileVersion": 3,
  "requires": true,
  "packages": {
    "": {
      "name": "metis",
      "version": "2.0.0",
      "dependencies": {
        "@types/memoize-one": "^5.1.2",
        "memoize-one": "^6.0.0"
      }
    },
    "node_modules/@types/memoize-one": {
      "version": "5.1.2",
      "resolved": "https://registry.npmjs.org/@types/memoize-one/-/memoize-one-5.1.2.tgz",
      "integrity": "sha512-9lItlM8Bf1DPvm8p4zE0vUn7YoTktEYgLd6Eva/PT0its200xmhaYrCMG/Y8615/f62SXOrDWMIEPk/xV+DQpw==",
      "deprecated": "This is a stub types definition. memoize-one provides its own type definitions, so you do not need this installed.",
      "dependencies": {
        "memoize-one": "*"
      }
    },
    "node_modules/memoize-one": {
      "version": "6.0.0",
      "resolved": "https://registry.npmjs.org/memoize-one/-/memoize-one-6.0.0.tgz",
      "integrity": "sha512-rkpe71W0N0c0Xz6QD0eJETuWAJGnJ9afsl1srmwPrI+yBCkge5EycXXbYRyvL29zZVUWQCY7InPRCv3GDXuZNw=="
    }
  }
}
